<?xml version="1.0" encoding="utf-8"?>
<Project ToolsVersion="4.0" xmlns="http://schemas.microsoft.com/developer/msbuild/2003">
  <ItemGroup>
    <Filter Include="Source Files">
      <UniqueIdentifier>{4FC737F1-C7A5-4376-A066-2A32D752A2FF}</UniqueIdentifier>
      <Extensions>cpp;c;cc;cxx;def;odl;idl;hpj;bat;asm;asmx</Extensions>
    </Filter>
    <Filter Include="Header Files">
      <UniqueIdentifier>{93995380-89BD-4b04-88EB-625FBE52EBFB}</UniqueIdentifier>
      <Extensions>h;hh;hpp;hxx;hm;inl;inc;xsd</Extensions>
    </Filter>
    <Filter Include="Resource Files">
      <UniqueIdentifier>{67DA6AB6-F800-4c08-8B7A-83BB121AAD01}</UniqueIdentifier>
      <Extensions>rc;ico;cur;bmp;dlg;rc2;rct;bin;rgs;gif;jpg;jpeg;jpe;resx;tiff;tif;png;wav;mfcribbon-ms</Extensions>
    </Filter>
  </ItemGroup>
  <ItemGroup>
    <ClCompile Include="main.cpp">
      <Filter>Source Files</Filter>
    </ClCompile>
    <ClCompile Include="Shader.cpp">
      <Filter>Source Files</Filter>
    </ClCompile>
    <ClCompile Include="Scene\SceneObject.cpp">
      <Filter>Source Files</Filter>
    </ClCompile>
    <ClCompile Include="Scene\Cube.cpp">
      <Filter>Source Files</Filter>
    </ClCompile>
    <ClCompile Include="Scene\Skybox.cpp">
      <Filter>Source Files</Filter>
    </ClCompile>
    <ClCompile Include="Scene\LightCube.cpp">
      <Filter>Source Files</Filter>
    </ClCompile>
    <ClCompile Include="Scene\TextQuad.cpp">
      <Filter>Source Files</Filter>
    </ClCompile>
    <ClCompile Include="Scene\MovingCube.cpp">
      <Filter>Source Files</Filter>
    </ClCompile>
    <ClCompile Include="Materials\Metal.cpp">
      <Filter>Source Files</Filter>
    </ClCompile>
    <ClCompile Include="Scene\Camera.cpp">
      <Filter>Source Files</Filter>
    </ClCompile>
    <ClCompile Include="Scene\Mesh.cpp">
      <Filter>Source Files</Filter>
    </ClCompile>
    <ClCompile Include="Scene\Model.cpp">
      <Filter>Source Files</Filter>
    </ClCompile>
    <ClCompile Include="Textures\TextureLoader.cpp">
      <Filter>Source Files</Filter>
    </ClCompile>
    <ClCompile Include="Scene\PhysXCube.cpp">
      <Filter>Source Files</Filter>
    </ClCompile>
    <ClCompile Include="Particles\ExtPTF.cpp">
      <Filter>Source Files</Filter>
    </ClCompile>
    <ClCompile Include="Particles\shaders.cpp">
      <Filter>Source Files</Filter>
    </ClCompile>
    <ClCompile Include="Scene\CollisionDetection\BoundingObject.cpp">
      <Filter>Source Files</Filter>
    </ClCompile>
    <ClCompile Include="Scene\CollisionDetection\AABB.cpp">
      <Filter>Source Files</Filter>
    </ClCompile>
    <ClCompile Include="Scene\CollisionDetection\BoundingSphere.cpp">
      <Filter>Source Files</Filter>
    </ClCompile>
    <ClCompile Include="Scene\Laser.cpp">
      <Filter>Source Files</Filter>
    </ClCompile>
  </ItemGroup>
  <ItemGroup>
    <ClInclude Include="Shader.hpp">
      <Filter>Header Files</Filter>
    </ClInclude>
    <ClInclude Include="Scene\SceneObject.hpp">
      <Filter>Header Files</Filter>
    </ClInclude>
    <ClInclude Include="Scene\Cube.hpp">
      <Filter>Header Files</Filter>
    </ClInclude>
    <ClInclude Include="Scene\Skybox.hpp">
      <Filter>Header Files</Filter>
    </ClInclude>
    <ClInclude Include="Scene\LightCube.hpp">
      <Filter>Header Files</Filter>
    </ClInclude>
    <ClInclude Include="Scene\TextQuad.hpp">
      <Filter>Header Files</Filter>
    </ClInclude>
    <ClInclude Include="Materials\Material.hpp">
      <Filter>Header Files</Filter>
    </ClInclude>
    <ClInclude Include="Scene\MovingCube.hpp">
      <Filter>Header Files</Filter>
    </ClInclude>
    <ClInclude Include="Scene\Camera.hpp">
      <Filter>Header Files</Filter>
    </ClInclude>
    <ClInclude Include="Scene\Mesh.hpp">
      <Filter>Header Files</Filter>
    </ClInclude>
    <ClInclude Include="Scene\Model.hpp">
      <Filter>Header Files</Filter>
    </ClInclude>
    <ClInclude Include="Textures\TextureLoader.hpp">
      <Filter>Header Files</Filter>
    </ClInclude>
    <ClInclude Include="Scene\PhysXCube.hpp">
      <Filter>Header Files</Filter>
    </ClInclude>
    <ClInclude Include="Particles\ExtPTF.hpp">
      <Filter>Header Files</Filter>
    </ClInclude>
    <ClInclude Include="Particles\shaders.h">
      <Filter>Header Files</Filter>
    </ClInclude>
    <ClInclude Include="Particles\common_header.h">
      <Filter>Header Files</Filter>
    </ClInclude>
    <ClInclude Include="Lights\Light.hpp">
      <Filter>Header Files</Filter>
    </ClInclude>
    <ClInclude Include="Scene\CollisionDetection\BoundingObject.hpp">
      <Filter>Header Files</Filter>
    </ClInclude>
    <ClInclude Include="Scene\CollisionDetection\AABB.hpp">
      <Filter>Header Files</Filter>
    </ClInclude>
    <ClInclude Include="Scene\CollisionDetection\BoundingSphere.hpp">
      <Filter>Header Files</Filter>
    </ClInclude>
    <ClInclude Include="Scene\Laser.hpp">
      <Filter>Header Files</Filter>
    </ClInclude>
  </ItemGroup>
  <ItemGroup>
    <None Include="Shader\basic.vert" />
    <None Include="Shader\basic.frag" />
    <None Include="Shader\skybox.vert" />
    <None Include="Shader\skybox.frag" />
    <None Include="Shader\lightCube.vert" />
    <None Include="Shader\lightCube.frag" />
    <None Include="Shader\hud.vert" />
    <None Include="Shader\hud.frag" />
    <None Include="Shader\textureShader.frag" />
    <None Include="Shader\textureShader.vert" />
    <None Include="Shader\particleUpdate.vert" />
    <None Include="Shader\particleUpdate.geom" />
    <None Include="Shader\particleRender.vert" />
    <None Include="Shader\particleRender.frag" />
    <None Include="Shader\particleRender.geom" />
    <None Include="Shader\ExtPTF\particles_render.frag" />
    <None Include="Shader\ExtPTF\particles_render.geom" />
    <None Include="Shader\ExtPTF\particles_render.vert" />
    <None Include="Shader\ExtPTF\particles_update.frag" />
    <None Include="Shader\ExtPTF\particles_update.geom" />
    <None Include="Shader\ExtPTF\particles_update.vert" />
    <None Include="Shader\screenShader.vert" />
    <None Include="Shader\screenShader.frag" />
    <None Include="Shader\blur.vert" />
    <None Include="Shader\blur.frag" />
    <None Include="Shader\lensflares.frag" />
    <None Include="Shader\lensflares.vert" />
    <None Include="Shader\sun.vert" />
    <None Include="Shader\sun.frag" />
    <None Include="Shader\motionBlur.vert" />
    <None Include="Shader\motionBlur.frag" />
  </ItemGroup>
  <ItemGroup>
    <Image Include="Textures\Skybox\purplenebula_bk.png">
      <Filter>Resource Files</Filter>
    </Image>
    <Image Include="Textures\Skybox\purplenebula_dn.png">
      <Filter>Resource Files</Filter>
    </Image>
    <Image Include="Textures\Skybox\purplenebula_ft.png">
      <Filter>Resource Files</Filter>
    </Image>
    <Image Include="Textures\Skybox\purplenebula_lf.png">
      <Filter>Resource Files</Filter>
    </Image>
    <Image Include="Textures\Skybox\purplenebula_rt.png">
      <Filter>Resource Files</Filter>
    </Image>
    <Image Include="Textures\Skybox\purplenebula_up.png">
      <Filter>Resource Files</Filter>
    </Image>
  </ItemGroup>
</Project>